// !$*UTF8*$!
{
	archiveVersion = 1;
	classes = {
	};
	objectVersion = 46;
	objects = {

/* Begin PBXBuildFile section */
		8EB28EBF1EBEEFBD00AAA8EB /* AppDelegate.swift in Sources */ = {isa = PBXBuildFile; fileRef = 8EB28EBE1EBEEFBD00AAA8EB /* AppDelegate.swift */; };
		8EB28EC11EBEEFBD00AAA8EB /* ViewController.swift in Sources */ = {isa = PBXBuildFile; fileRef = 8EB28EC01EBEEFBD00AAA8EB /* ViewController.swift */; };
		8EB28EC41EBEEFBD00AAA8EB /* Main.storyboard in Resources */ = {isa = PBXBuildFile; fileRef = 8EB28EC21EBEEFBD00AAA8EB /* Main.storyboard */; };
		8EB28EC61EBEEFBD00AAA8EB /* Assets.xcassets in Resources */ = {isa = PBXBuildFile; fileRef = 8EB28EC51EBEEFBD00AAA8EB /* Assets.xcassets */; };
		8EB28EC91EBEEFBD00AAA8EB /* LaunchScreen.storyboard in Resources */ = {isa = PBXBuildFile; fileRef = 8EB28EC71EBEEFBD00AAA8EB /* LaunchScreen.storyboard */; };
		8EB28ED11EBEEFD900AAA8EB /* UIViewAnimationTransitionQueue.swift in Sources */ = {isa = PBXBuildFile; fileRef = 8EB28ED01EBEEFD900AAA8EB /* UIViewAnimationTransitionQueue.swift */; };
/* End PBXBuildFile section */

/* Begin PBXFileReference section */
		8EB28EBB1EBEEFBD00AAA8EB /* UIViewAnimationTransitionQueue.app */ = {isa = PBXFileReference; explicitFileType = wrapper.application; includeInIndex = 0; path = UIViewAnimationTransitionQueue.app; sourceTree = BUILT_PRODUCTS_DIR; };
		8EB28EBE1EBEEFBD00AAA8EB /* AppDelegate.swift */ = {isa = PBXFileReference; lastKnownFileType = sourcecode.swift; path = AppDelegate.swift; sourceTree = "<group>"; };
		8EB28EC01EBEEFBD00AAA8EB /* ViewController.swift */ = {isa = PBXFileReference; lastKnownFileType = sourcecode.swift; path = ViewController.swift; sourceTree = "<group>"; };
		8EB28EC31EBEEFBD00AAA8EB /* Base */ = {isa = PBXFileReference; lastKnownFileType = file.storyboard; name = Base; path = Base.lproj/Main.storyboard; sourceTree = "<group>"; };
		8EB28EC51EBEEFBD00AAA8EB /* Assets.xcassets */ = {isa = PBXFileReference; lastKnownFileType = folder.assetcatalog; path = Assets.xcassets; sourceTree = "<group>"; };
		8EB28EC81EBEEFBD00AAA8EB /* Base */ = {isa = PBXFileReference; lastKnownFileType = file.storyboard; name = Base; path = Base.lproj/LaunchScreen.storyboard; sourceTree = "<group>"; };
		8EB28ECA1EBEEFBD00AAA8EB /* Info.plist */ = {isa = PBXFileReference; lastKnownFileType = text.plist.xml; path = Info.plist; sourceTree = "<group>"; };
		8EB28ED01EBEEFD900AAA8EB /* UIViewAnimationTransitionQueue.swift */ = {isa = PBXFileReference; fileEncoding = 4; lastKnownFileType = sourcecode.swift; path = UIViewAnimationTransitionQueue.swift; sourceTree = "<group>"; };
/* End PBXFileReference section */

/* Begin PBXFrameworksBuildPhase section */
		8EB28EB81EBEEFBD00AAA8EB /* Frameworks */ = {
			isa = PBXFrameworksBuildPhase;
			buildActionMask = 2147483647;
			files = (
			);
			runOnlyForDeploymentPostprocessing = 0;
		};
/* End PBXFrameworksBuildPhase section */

/* Begin PBXGroup section */
		8EB28EB21EBEEFBD00AAA8EB = {
			isa = PBXGroup;
			children = (
				8EB28EBD1EBEEFBD00AAA8EB /* UIViewAnimationTransitionQueue */,
				8EB28EBC1EBEEFBD00AAA8EB /* Products */,
			);
			sourceTree = "<group>";
		};
		8EB28EBC1EBEEFBD00AAA8EB /* Products */ = {
			isa = PBXGroup;
			children = (
				8EB28EBB1EBEEFBD00AAA8EB /* UIViewAnimationTransitionQueue.app */,
			);
			name = Products;
			sourceTree = "<group>";
		};
		8EB28EBD1EBEEFBD00AAA8EB /* UIViewAnimationTransitionQueue */ = {
			isa = PBXGroup;
			children = (
				8EB28EBE1EBEEFBD00AAA8EB /* AppDelegate.swift */,
				8EB28EC01EBEEFBD00AAA8EB /* ViewController.swift */,
				8EB28EC21EBEEFBD00AAA8EB /* Main.storyboard */,
				8EB28EC51EBEEFBD00AAA8EB /* Assets.xcassets */,
				8EB28EC71EBEEFBD00AAA8EB /* LaunchScreen.storyboard */,
				8EB28ECA1EBEEFBD00AAA8EB /* Info.plist */,
				8EB28ED01EBEEFD900AAA8EB /* UIViewAnimationTransitionQueue.swift */,
			);
			path = UIViewAnimationTransitionQueue;
			sourceTree = "<group>";
		};
/* End PBXGroup section */

/* Begin PBXNativeTarget section */
		8EB28EBA1EBEEFBD00AAA8EB /* UIViewAnimationTransitionQueue */ = {
			isa = PBXNativeTarget;
			buildConfigurationList = 8EB28ECD1EBEEFBD00AAA8EB /* Build configuration list for PBXNativeTarget "UIViewAnimationTransitionQueue" */;
			buildPhases = (
				8EB28EB71EBEEFBD00AAA8EB /* Sources */,
				8EB28EB81EBEEFBD00AAA8EB /* Frameworks */,
				8EB28EB91EBEEFBD00AAA8EB /* Resources */,
			);
			buildRules = (
			);
			dependencies = (
			);
			name = UIViewAnimationTransitionQueue;
			productName = UIViewAnimationTransitionQueue;
			productReference = 8EB28EBB1EBEEFBD00AAA8EB /* UIViewAnimationTransitionQueue.app */;
			productType = "com.apple.product-type.application";
		};
/* End PBXNativeTarget section */

/* Begin PBXProject section */
		8EB28EB31EBEEFBD00AAA8EB /* Project object */ = {
			isa = PBXProject;
			attributes = {
				LastSwiftUpdateCheck = 0830;
				LastUpgradeCheck = 0830;
				ORGANIZATIONNAME = shenyun;
				TargetAttributes = {
					8EB28EBA1EBEEFBD00AAA8EB = {
						CreatedOnToolsVersion = 8.3;
						DevelopmentTeam = CR2MLCW4V7;
						ProvisioningStyle = Automatic;
					};
				};
			};
			buildConfigurationList = 8EB28EB61EBEEFBD00AAA8EB /* Build configuration list for PBXProject "UIViewAnimationTransitionQueue" */;
			compatibilityVersion = "Xcode 3.2";
			developmentRegion = English;
			hasScannedForEncodings = 0;
			knownRegions = (
				en,
				Base,
			);
			mainGroup = 8EB28EB21EBEEFBD00AAA8EB;
			productRefGroup = 8EB28EBC1EBEEFBD00AAA8EB /* Products */;
			projectDirPath = "";
			projectRoot = "";
			targets = (
				8EB28EBA1EBEEFBD00AAA8EB /* UIViewAnimationTransitionQueue */,
			);
		};
/* End PBXProject section */

/* Begin PBXResourcesBuildPhase section */
		8EB28EB91EBEEFBD00AAA8EB /* Resources */ = {
			isa = PBXResourcesBuildPhase;
			buildActionMask = 2147483647;
			files = (
				8EB28EC91EBEEFBD00AAA8EB /* LaunchScreen.storyboard in Resources */,
				8EB28EC61EBEEFBD00AAA8EB /* Assets.xcassets in Resources */,
				8EB28EC41EBEEFBD00AAA8EB /* Main.storyboard in Resources */,
			);
			runOnlyForDeploymentPostprocessing = 0;
		};
/* End PBXResourcesBuildPhase section */

/* Begin PBXSourcesBuildPhase section */
		8EB28EB71EBEEFBD00AAA8EB /* Sources */ = {
			isa = PBXSourcesBuildPhase;
			buildActionMask = 2147483647;
			files = (
				8EB28EC11EBEEFBD00AAA8EB /* ViewController.swift in Sources */,
				8EB28EBF1EBEEFBD00AAA8EB /* AppDelegate.swift in Sources */,
				8EB28ED11EBEEFD900AAA8EB /* UIViewAnimationTransitionQueue.swift in Sources */,
			);
			runOnlyForDeploymentPostprocessing = 0;
		};
/* End PBXSourcesBuildPhase section */

/* Begin PBXVariantGroup section */
		8EB28EC21EBEEFBD00AAA8EB /* Main.storyboard */ = {
			isa = PBXVariantGroup;
			children = (
				8EB28EC31EBEEFBD00AAA8EB /* Base */,
			);
			name = Main.storyboard;
			sourceTree = "<group>";
		};
		8EB28EC71EBEEFBD00AAA8EB /* LaunchScreen.storyboard */ = {
			isa = PBXVariantGroup;
			children = (
				8EB28EC81EBEEFBD00AAA8EB /* Base */,
			);
			name = LaunchScreen.storyboard;
			sourceTree = "<group>";
		};
/* End PBXVariantGroup section */

/* Begin XCBuildConfiguration section */
		8EB28ECB1EBEEFBD00AAA8EB /* Debug */ = {
			isa = XCBuildConfiguration;
			buildSettings = {
				ALWAYS_SEARCH_USER_PATHS = NO;
				CLANG_ANALYZER_NONNULL = YES;
				CLANG_ANALYZER_NUMBER_OBJECT_CONVERSION = YES_AGGRESSIVE;
				CLANG_CXX_LANGUAGE_STANDARD = "gnu++0x";
				CLANG_CXX_LIBRARY = "libc++";
				CLANG_ENABLE_MODULES = YES;
				CLANG_ENABLE_OBJC_ARC = YES;
				CLANG_WARN_BOOL_CONVERSION = YES;
				CLANG_WARN_CONSTANT_CONVERSION = YES;
				CLANG_WARN_DIRECT_OBJC_ISA_USAGE = YES_ERROR;
				CLANG_WARN_DOCUMENTATION_COMMENTS = YES;
				CLANG_WARN_EMPTY_BODY = YES;
				CLANG_WARN_ENUM_CONVERSION = YES;
				CLANG_WARN_INFINITE_RECURSION = YES;
				CLANG_WARN_INT_CONVERSION = YES;
				CLANG_WARN_OBJC_ROOT_CLASS = YES_ERROR;
				CLANG_WARN_SUSPICIOUS_MOVE = YES;
				CLANG_WARN_UNREACHABLE_CODE = YES;
				CLANG_WARN__DUPLICATE_METHOD_MATCH = YES;
				"CODE_SIGN_IDENTITY[sdk=iphoneos*]" = "iPhone Developer";
				COPY_PHASE_STRIP = NO;
				DEBUG_INFORMATION_FORMAT = dwarf;
				ENABLE_STRICT_OBJC_MSGSEND = YES;
				ENABLE_TESTABILITY = YES;
				GCC_C_LANGUAGE_STANDARD = gnu99;
				GCC_DYNAMIC_NO_PIC = NO;
				GCC_NO_COMMON_BLOCKS = YES;
				GCC_OPTIMIZATION_LEVEL = 0;
				GCC_PREPROCESSOR_DEFINITIONS = (
					"DEBUG=1",
					"$(inherited)",
				);
				GCC_WARN_64_TO_32_BIT_CONVERSION = YES;
				GCC_WARN_ABOUT_RETURN_TYPE = YES_ERROR;
				GCC_WARN_UNDECLARED_SELECTOR = YES;
				GCC_WARN_UNINITIALIZED_AUTOS = YES_AGGRESSIVE;
				GCC_WARN_UNUSED_FUNCTION = YES;
				GCC_WARN_UNUSED_VARIABLE = YES;
				IPHONEOS_DEPLOYMENT_TARGET = 10.3;
				MTL_ENABLE_DEBUG_INFO = YES;
				ONLY_ACTIVE_ARCH = YES;
				SDKROOT = iphoneos;
				SWIFT_ACTIVE_COMPILATION_CONDITIONS = DEBUG;
				SWIFT_OPTIMIZATION_LEVEL = "-Onone";
				TARGETED_DEVICE_FAMILY = "1,2";
			};
			name = Debug;
		};
		8EB28ECC1EBEEFBD00AAA8EB /* Release */ = {
			isa = XCBuildConfiguration;
			buildSettings = {
				ALWAYS_SEARCH_USER_PATHS = NO;
				CLANG_ANALYZER_NONNULL = YES;
				CLANG_ANALYZER_NUMBER_OBJECT_CONVERSION = YES_AGGRESSIVE;
				CLANG_CXX_LANGUAGE_STANDARD = "gnu++0x";
				CLANG_CXX_LIBRARY = "libc++";
				CLANG_ENABLE_MODULES = YES;
				CLANG_ENABLE_OBJC_ARC = YES;
				CLANG_WARN_BOOL_CONVERSION = YES;
				CLANG_WARN_CONSTANT_CONVERSION = YES;
				CLANG_WARN_DIRECT_OBJC_ISA_USAGE = YES_ERROR;
				CLANG_WARN_DOCUMENTATION_COMMENTS = YES;
				CLANG_WARN_EMPTY_BODY = YES;
				CLANG_WARN_ENUM_CONVERSION = YES;
				CLANG_WARN_INFINITE_RECURSION = YES;
				CLANG_WARN_INT_CONVERSION = YES;
				CLANG_WARN_OBJC_ROOT_CLASS = YES_ERROR;
				CLANG_WARN_SUSPICIOUS_MOVE = YES;
				CLANG_WARN_UNREACHABLE_CODE = YES;
				CLANG_WARN__DUPLICATE_METHOD_MATCH = YES;
				"CODE_SIGN_IDENTITY[sdk=iphoneos*]" = "iPhone Developer";
				COPY_PHASE_STRIP = NO;
				DEBUG_INFORMATION_FORMAT = "dwarf-with-dsym";
				ENABLE_NS_ASSERTIONS = NO;
				ENABLE_STRICT_OBJC_MSGSEND = YES;
				GCC_C_LANGUAGE_STANDARD = gnu99;
				GCC_NO_COMMON_BLOCKS = YES;
				GCC_WARN_64_TO_32_BIT_CONVERSION = YES;
				GCC_WARN_ABOUT_RETURN_TYPE = YES_ERROR;
				GCC_WARN_UNDECLARED_SELECTOR = YES;
				GCC_WARN_UNINITIALIZED_AUTOS = YES_AGGRESSIVE;
				GCC_WARN_UNUSED_FUNCTION = YES;
				GCC_WARN_UNUSED_VARIABLE = YES;
				IPHONEOS_DEPLOYMENT_TARGET = 10.3;
				MTL_ENABLE_DEBUG_INFO = NO;
				SDKROOT = iphoneos;
				SWIFT_OPTIMIZATION_LEVEL = "-Owholemodule";
				TARGETED_DEVICE_FAMILY = "1,2";
				VALIDATE_PRODUCT = YES;
			};
			name = Release;
		};
		8EB28ECE1EBEEFBD00AAA8EB /* Debug */ = {
			isa = XCBuildConfiguration;
			buildSettings = {
				ASSETCATALOG_COMPILER_APPICON_NAME = AppIcon;
				DEVELOPMENT_TEAM = CR2MLCW4V7;
				INFOPLIST_FILE = UIViewAnimationTransitionQueue/Info.plist;
				LD_RUNPATH_SEARCH_PATHS = "$(inherited) @executable_path/Frameworks";
				PRODUCT_BUNDLE_IDENTIFIER = dev.shenyun.UIViewAnimationTransitionQueue;
				PRODUCT_NAME = "$(TARGET_NAME)";
				SWIFT_VERSION = 3.0;
			};
			name = Debug;
		};
		8EB28ECF1EBEEFBD00AAA8EB /* Release */ = {
			isa = XCBuildConfiguration;
			buildSettings = {
				ASSETCATALOG_COMPILER_APPICON_NAME = AppIcon;
				DEVELOPMENT_TEAM = CR2MLCW4V7;
				INFOPLIST_FILE = UIViewAnimationTransitionQueue/Info.plist;
				LD_RUNPATH_SEARCH_PATHS = "$(inherited) @executable_path/Frameworks";
				PRODUCT_BUNDLE_IDENTIFIER = dev.shenyun.UIViewAnimationTransitionQueue;
				PRODUCT_NAME = "$(TARGET_NAME)";
				SWIFT_VERSION = 3.0;
			};
			name = Release;
		};
/* End XCBuildConfiguration section */

/* Begin XCConfigurationList section */
		8EB28EB61EBEEFBD00AAA8EB /* Build configuration list for PBXProject "UIViewAnimationTransitionQueue" */ = {
			isa = XCConfigurationList;
			buildConfigurations = (
				8EB28ECB1EBEEFBD00AAA8EB /* Debug */,
				8EB28ECC1EBEEFBD00AAA8EB /* Release */,
			);
			defaultConfigurationIsVisible = 0;
			defaultConfigurationName = Release;
		};
		8EB28ECD1EBEEFBD00AAA8EB /* Build configuration list for PBXNativeTarget "UIViewAnimationTransitionQueue" */ = {
			isa = XCConfigurationList;
			buildConfigurations = (
				8EB28ECE1EBEEFBD00AAA8EB /* Debug */,
				8EB28ECF1EBEEFBD00AAA8EB /* Release */,
			);
			defaultConfigurationIsVisible = 0;
		};
/* End XCConfigurationList section */
	};
	rootObject = 8EB28EB31EBEEFBD00AAA8EB /* Project object */;
}
